
Microsoft Visual Studio Solution File, Format Version 12.00
# Visual Studio Version 17
VisualStudioVersion = 17.4.33213.308
MinimumVisualStudioVersion = 10.0.40219.1
Project("{FAE04EC0-301F-11D3-BF4B-00C04F79EFBC}") = "ChallengeZApp", "ChallengeZApp\ChallengeZApp.csproj", "{36D0FBBD-DEE7-4A29-B052-5407D780D727}"
EndProject
Global
	GlobalSection(SolutionConfigurationPlatforms) = preSolution
		Debug|Any CPU = Debug|Any CPU
		Release|Any CPU = Release|Any CPU
	EndGlobalSection
	GlobalSection(ProjectConfigurationPlatforms) = postSolution
		{36D0FBBD-DEE7-4A29-B052-5407D780D727}.Debug|Any CPU.ActiveCfg = Debug|Any CPU
		{36D0FBBD-DEE7-4A29-B052-5407D780D727}.Debug|Any CPU.Build.0 = Debug|Any CPU
		{36D0FBBD-DEE7-4A29-B052-5407D780D727}.Release|Any CPU.ActiveCfg = Release|Any CPU
		{36D0FBBD-DEE7-4A29-B052-5407D780D727}.Release|Any CPU.Build.0 = Release|Any CPU
	EndGlobalSection
	GlobalSection(SolutionProperties) = preSolution
		HideSolutionNode = FALSE
	EndGlobalSection
	GlobalSection(ExtensibilityGlobals) = postSolution
		SolutionGuid = {CFE932A3-B627-44E4-84ED-984915F420AB}
	EndGlobalSection
EndGlobal
